
Microsoft Visual Studio Solution File, Format Version 12.00
# Visual Studio Version 16
VisualStudioVersion = 16.0.31129.286
MinimumVisualStudioVersion = 10.0.40219.1
Project("{FAE04EC0-301F-11D3-BF4B-00C04F79EFBC}") = "Seafood Website", "Seafood Website\Seafood Website.csproj", "{1403755B-6559-411C-AAFD-15E883358B85}"
EndProject
Project("{FAE04EC0-301F-11D3-BF4B-00C04F79EFBC}") = "Properties", "Properties\Properties.csproj", "{5F83B85C-0C53-4739-8464-6E7FCD0B8DAD}"
EndProject
Global
	GlobalSection(SolutionConfigurationPlatforms) = preSolution
		Debug|Any CPU = Debug|Any CPU
		Release|Any CPU = Release|Any CPU
	EndGlobalSection
	GlobalSection(ProjectConfigurationPlatforms) = postSolution
		{1403755B-6559-411C-AAFD-15E883358B85}.Debug|Any CPU.ActiveCfg = Debug|Any CPU
		{1403755B-6559-411C-AAFD-15E883358B85}.Debug|Any CPU.Build.0 = Debug|Any CPU
		{1403755B-6559-411C-AAFD-15E883358B85}.Release|Any CPU.ActiveCfg = Release|Any CPU
		{1403755B-6559-411C-AAFD-15E883358B85}.Release|Any CPU.Build.0 = Release|Any CPU
		{5F83B85C-0C53-4739-8464-6E7FCD0B8DAD}.Debug|Any CPU.ActiveCfg = Debug|Any CPU
		{5F83B85C-0C53-4739-8464-6E7FCD0B8DAD}.Debug|Any CPU.Build.0 = Debug|Any CPU
		{5F83B85C-0C53-4739-8464-6E7FCD0B8DAD}.Release|Any CPU.ActiveCfg = Release|Any CPU
		{5F83B85C-0C53-4739-8464-6E7FCD0B8DAD}.Release|Any CPU.Build.0 = Release|Any CPU
	EndGlobalSection
	GlobalSection(SolutionProperties) = preSolution
		HideSolutionNode = FALSE
	EndGlobalSection
	GlobalSection(ExtensibilityGlobals) = postSolution
		SolutionGuid = {6520E168-752D-4FBE-865F-75C091BC3B5C}
	EndGlobalSection
EndGlobal
